# COPLA — FULL environment freeze (all transitive dependencies)
#
# Snapshot date : 2026-07-14
# Source        : /root/miniconda3/envs/copla
# Critical      : python=3.8.19 ; graph-tool=2.37 ; blast=2.9.0
#
# Recreate:
#   mamba env create -f envs/copla.lock.yml
#
# WARNING: Do not upgrade Python in this environment. COPLA / graph-tool
# clustering behaviour can change across Python and graph-tool versions.

name: copla
channels:
  - conda-forge
  - bioconda
  - defaults
dependencies:
  - _openmp_mutex=4.5
  - at-spi2-atk=2.38.0
  - at-spi2-core=2.40.3
  - atk-1.0=2.38.0
  - biopython=1.83
  - blas=2.308
  - blas-devel=3.11.0
  - blast=2.9.0
  - boost=1.74.0
  - boost-cpp=1.74.0
  - brotli=1.2.0
  - brotli-bin=1.2.0
  - brotli-python=1.0.9
  - bzip2=1.0.8
  - c-ares=1.34.6
  - ca-certificates=2026.6.17
  - cairo=1.16.0
  - cairomm=1.14.4
  - cairomm-1.0=1.14.4
  - certifi=2024.8.30
  - cffi=1.17.0
  - cgecore=1.5.6
  - charset-normalizer=3.4.0
  - contourpy=1.1.1
  - curl=7.88.1
  - cycler=0.12.1
  - dbus=1.13.6
  - entrez-direct=25.3
  - epoxy=1.5.10
  - expat=2.8.1
  - font-ttf-dejavu-sans-mono=2.37
  - font-ttf-inconsolata=3.000
  - font-ttf-source-code-pro=2.038
  - font-ttf-ubuntu=0.83
  - fontconfig=2.14.2
  - fonts-conda-ecosystem=1
  - fonts-conda-forge=1
  - fonttools=4.53.1
  - freetype=2.12.1
  - fribidi=1.0.16
  - gdbm=1.18
  - gdk-pixbuf=2.42.12
  - gettext=0.25.1
  - gettext-tools=0.25.1
  - glib=2.80.2
  - glib-tools=2.80.2
  - gmp=6.3.0
  - graph-tool=2.37
  - graphite2=1.3.15
  - gtk3=3.24.37
  - h2=4.1.0
  - harfbuzz=6.0.0
  - hicolor-icon-theme=0.17
  - hmmer=3.2.1
  - hpack=4.0.0
  - hyperframe=6.0.1
  - icu=70.1
  - idna=3.10
  - importlib-resources=6.4.5
  - importlib_resources=6.4.5
  - keyutils=1.6.3
  - kiwisolver=1.4.5
  - kma=1.4.15
  - krb5=1.20.1
  - lcms2=2.16
  - ld_impl_linux-64=2.45.1
  - lerc=4.1.0
  - libasprintf=0.25.1
  - libasprintf-devel=0.25.1
  - libblas=3.11.0
  - libbrotlicommon=1.2.0
  - libbrotlidec=1.2.0
  - libbrotlienc=1.2.0
  - libcblas=3.11.0
  - libcups=2.3.3
  - libcurl=7.88.1
  - libdeflate=1.25
  - libedit=3.1.20250104
  - libev=4.33
  - libexpat=2.8.1
  - libffi=3.5.2
  - libgcc=15.2.0
  - libgcc-ng=15.2.0
  - libgettextpo=0.25.1
  - libgettextpo-devel=0.25.1
  - libgfortran=15.2.0
  - libgfortran-ng=15.2.0
  - libgfortran5=15.2.0
  - libgirepository=1.78.1
  - libglib=2.80.2
  - libgomp=15.2.0
  - libiconv=1.18
  - libidn2=2.3.8
  - libjpeg-turbo=3.1.4.1
  - liblapack=3.11.0
  - liblapacke=3.11.0
  - liblzma=5.8.3
  - liblzma-devel=5.8.3
  - libnghttp2=1.58.0
  - libnsl=2.0.1
  - libopenblas=0.3.33
  - libpng=1.6.43
  - librsvg=2.54.4
  - libsqlite=3.46.0
  - libssh2=1.11.0
  - libstdcxx=15.2.0
  - libstdcxx-ng=15.2.0
  - libtiff=4.6.0
  - libunistring=0.9.10
  - libuuid=2.42.2
  - libwebp-base=1.6.0
  - libxcb=1.15
  - libxcrypt=4.4.36
  - libxml2=2.10.3
  - libzlib=1.2.13
  - matplotlib-base=3.7.3
  - munkres=1.1.4
  - ncurses=6.6
  - numpy=1.24.4
  - openblas=0.3.33
  - openjpeg=2.5.2
  - openssl=3.6.3
  - packaging=26.2
  - pandas=2.0.3
  - pango=1.50.14
  - parallel=20260622
  - pcre=8.45
  - pcre2=10.43
  - perl=5.26.2
  - perl-archive-tar=2.32
  - perl-carp=1.38
  - perl-common-sense=3.74
  - perl-compress-raw-bzip2=2.087
  - perl-compress-raw-zlib=2.087
  - perl-exporter=5.72
  - perl-exporter-tiny=1.002001
  - perl-extutils-makemaker=7.36
  - perl-io-compress=2.087
  - perl-io-zlib=1.10
  - perl-json=4.02
  - perl-json-xs=2.34
  - perl-list-moreutils=0.428
  - perl-list-moreutils-xs=0.428
  - perl-pathtools=3.75
  - perl-scalar-list-utils=1.52
  - perl-types-serialiser=1.0
  - perl-xsloader=0.24
  - pillow=10.3.0
  - pip=24.3.1
  - pixman=0.46.4
  - plasmidfinder=2.1.6
  - platformdirs=4.3.6
  - pooch=1.8.2
  - prodigal=2.6.3
  - pthread-stubs=0.4
  - pycairo=1.25.0
  - pycparser=2.22
  - pygobject=3.46.0
  - pyparsing=3.1.4
  - pysocks=1.7.1
  - python=3.8.19
  - python-dateutil=2.9.0
  - python-tzdata=2024.2
  - python_abi=3.8
  - pytz=2024.2
  - readline=8.3
  - requests=2.32.3
  - ruby=3.2.2
  - scipy=1.10.1
  - setuptools=75.3.0
  - sigcpp-2.0=2.10.8
  - six=1.16.0
  - sparsehash=2.0.4
  - tabulate=0.9.0
  - tk=8.6.13
  - unicodedata2=15.1.0
  - urllib3=2.2.3
  - wget=1.21.4
  - wheel=0.45.1
  - xorg-compositeproto=0.4.2
  - xorg-damageproto=1.2.1
  - xorg-fixesproto=5.0
  - xorg-inputproto=2.3.2
  - xorg-kbproto=1.0.7
  - xorg-libx11=1.8.9
  - xorg-libxau=1.0.12
  - xorg-libxcomposite=0.4.6
  - xorg-libxcursor=1.2.0
  - xorg-libxdamage=1.1.5
  - xorg-libxdmcp=1.1.5
  - xorg-libxext=1.3.4
  - xorg-libxfixes=5.0.3
  - xorg-libxi=1.7.10
  - xorg-libxinerama=1.1.5
  - xorg-libxrandr=1.5.2
  - xorg-libxrender=0.9.11
  - xorg-libxtst=1.2.5
  - xorg-randrproto=1.5.0
  - xorg-recordproto=1.14.2
  - xorg-renderproto=0.11.1
  - xorg-util-macros=1.20.2
  - xorg-xextproto=7.3.0
  - xorg-xproto=7.0.31
  - xz=5.8.3
  - xz-gpl-tools=5.8.3
  - xz-tools=5.8.3
  - yaml=0.2.5
  - zipp=3.21.0
  - zlib=1.2.13
  - zstandard=0.23.0
  - zstd=1.5.6
